
Microsoft Visual Studio Solution File, Format Version 12.00
# Visual Studio Version 16
VisualStudioVersion = 16.0.30503.244
MinimumVisualStudioVersion = 10.0.40219.1
Project("{9A19103F-16F7-4668-BE54-9A1E7A4F7556}") = "WebApi.Api", "WebApi.Api\WebApi.Api.csproj", "{02D23546-BE04-4425-8B35-2C93C8C46A32}"
EndProject
Project("{9A19103F-16F7-4668-BE54-9A1E7A4F7556}") = "WebApi.Common", "WebApi.Common\WebApi.Common.csproj", "{F0988830-DCA6-4928-AC2B-39F4C929B632}"
EndProject
Project("{9A19103F-16F7-4668-BE54-9A1E7A4F7556}") = "WebApi.Models", "WebApi.Models\WebApi.Models.csproj", "{54365339-B3C4-4635-8357-50A2E8E6636A}"
EndProject
Project("{9A19103F-16F7-4668-BE54-9A1E7A4F7556}") = "WebApi.Repository", "WebApi.Repository\WebApi.Repository.csproj", "{636CDEFE-80D0-4465-BAA1-21EEED1B051B}"
EndProject
Project("{9A19103F-16F7-4668-BE54-9A1E7A4F7556}") = "WebApi.Services", "WebApi.Services\WebApi.Services.csproj", "{98442D53-E09A-4C9C-8B5C-E63E9F815823}"
EndProject
Project("{9A19103F-16F7-4668-BE54-9A1E7A4F7556}") = "WebApi.Tools", "WebApi.Tools\WebApi.Tools.csproj", "{6295EA33-792C-460A-AFA1-C28653709078}"
EndProject
Project("{9A19103F-16F7-4668-BE54-9A1E7A4F7556}") = "WebApi.Console", "WebApi.Console\WebApi.Console.csproj", "{5AB77146-877B-44A3-B0CB-053645286592}"
EndProject
Project("{9A19103F-16F7-4668-BE54-9A1E7A4F7556}") = "WebApi.IDS4", "WebApi.IDS4\WebApi.IDS4.csproj", "{335FAED7-5192-47C8-B8CE-36090C43ACF1}"
EndProject
Project("{2150E333-8FDC-42A3-9474-1A3956D46DE8}") = "Consul", "Consul", "{1F00BB5E-C922-4809-9D9C-FB84D8479921}"
EndProject
Project("{2150E333-8FDC-42A3-9474-1A3956D46DE8}") = "IdServer4", "IdServer4", "{8C1F4574-6DDD-4F4C-BAFA-F4CBB5AF7488}"
EndProject
Project("{2150E333-8FDC-42A3-9474-1A3956D46DE8}") = "Ocelot", "Ocelot", "{9C2448C4-C134-4FF5-8E5A-33DFC59ECD6A}"
EndProject
Project("{9A19103F-16F7-4668-BE54-9A1E7A4F7556}") = "WebApi.Test", "WebApi.Test\WebApi.Test.csproj", "{AA3B45DB-FB3D-44AF-A161-BD2C11A7E3E8}"
EndProject
Project("{FAE04EC0-301F-11D3-BF4B-00C04F79EFBC}") = "WebApi.MvcClient", "WebApi.MvcClient\WebApi.MvcClient.csproj", "{4C55779C-2E16-446D-B880-3331E58BA213}"
EndProject
Global
	GlobalSection(SolutionConfigurationPlatforms) = preSolution
		Debug|Any CPU = Debug|Any CPU
		Release|Any CPU = Release|Any CPU
	EndGlobalSection
	GlobalSection(ProjectConfigurationPlatforms) = postSolution
		{02D23546-BE04-4425-8B35-2C93C8C46A32}.Debug|Any CPU.ActiveCfg = Debug|Any CPU
		{02D23546-BE04-4425-8B35-2C93C8C46A32}.Debug|Any CPU.Build.0 = Debug|Any CPU
		{02D23546-BE04-4425-8B35-2C93C8C46A32}.Release|Any CPU.ActiveCfg = Release|Any CPU
		{02D23546-BE04-4425-8B35-2C93C8C46A32}.Release|Any CPU.Build.0 = Release|Any CPU
		{F0988830-DCA6-4928-AC2B-39F4C929B632}.Debug|Any CPU.ActiveCfg = Debug|Any CPU
		{F0988830-DCA6-4928-AC2B-39F4C929B632}.Debug|Any CPU.Build.0 = Debug|Any CPU
		{F0988830-DCA6-4928-AC2B-39F4C929B632}.Release|Any CPU.ActiveCfg = Release|Any CPU
		{F0988830-DCA6-4928-AC2B-39F4C929B632}.Release|Any CPU.Build.0 = Release|Any CPU
		{54365339-B3C4-4635-8357-50A2E8E6636A}.Debug|Any CPU.ActiveCfg = Debug|Any CPU
		{54365339-B3C4-4635-8357-50A2E8E6636A}.Debug|Any CPU.Build.0 = Debug|Any CPU
		{54365339-B3C4-4635-8357-50A2E8E6636A}.Release|Any CPU.ActiveCfg = Release|Any CPU
		{54365339-B3C4-4635-8357-50A2E8E6636A}.Release|Any CPU.Build.0 = Release|Any CPU
		{636CDEFE-80D0-4465-BAA1-21EEED1B051B}.Debug|Any CPU.ActiveCfg = Debug|Any CPU
		{636CDEFE-80D0-4465-BAA1-21EEED1B051B}.Debug|Any CPU.Build.0 = Debug|Any CPU
		{636CDEFE-80D0-4465-BAA1-21EEED1B051B}.Release|Any CPU.ActiveCfg = Release|Any CPU
		{636CDEFE-80D0-4465-BAA1-21EEED1B051B}.Release|Any CPU.Build.0 = Release|Any CPU
		{98442D53-E09A-4C9C-8B5C-E63E9F815823}.Debug|Any CPU.ActiveCfg = Debug|Any CPU
		{98442D53-E09A-4C9C-8B5C-E63E9F815823}.Debug|Any CPU.Build.0 = Debug|Any CPU
		{98442D53-E09A-4C9C-8B5C-E63E9F815823}.Release|Any CPU.ActiveCfg = Release|Any CPU
		{98442D53-E09A-4C9C-8B5C-E63E9F815823}.Release|Any CPU.Build.0 = Release|Any CPU
		{6295EA33-792C-460A-AFA1-C28653709078}.Debug|Any CPU.ActiveCfg = Debug|Any CPU
		{6295EA33-792C-460A-AFA1-C28653709078}.Debug|Any CPU.Build.0 = Debug|Any CPU
		{6295EA33-792C-460A-AFA1-C28653709078}.Release|Any CPU.ActiveCfg = Release|Any CPU
		{6295EA33-792C-460A-AFA1-C28653709078}.Release|Any CPU.Build.0 = Release|Any CPU
		{5AB77146-877B-44A3-B0CB-053645286592}.Debug|Any CPU.ActiveCfg = Debug|Any CPU
		{5AB77146-877B-44A3-B0CB-053645286592}.Debug|Any CPU.Build.0 = Debug|Any CPU
		{5AB77146-877B-44A3-B0CB-053645286592}.Release|Any CPU.ActiveCfg = Release|Any CPU
		{5AB77146-877B-44A3-B0CB-053645286592}.Release|Any CPU.Build.0 = Release|Any CPU
		{335FAED7-5192-47C8-B8CE-36090C43ACF1}.Debug|Any CPU.ActiveCfg = Debug|Any CPU
		{335FAED7-5192-47C8-B8CE-36090C43ACF1}.Debug|Any CPU.Build.0 = Debug|Any CPU
		{335FAED7-5192-47C8-B8CE-36090C43ACF1}.Release|Any CPU.ActiveCfg = Release|Any CPU
		{335FAED7-5192-47C8-B8CE-36090C43ACF1}.Release|Any CPU.Build.0 = Release|Any CPU
		{AA3B45DB-FB3D-44AF-A161-BD2C11A7E3E8}.Debug|Any CPU.ActiveCfg = Debug|Any CPU
		{AA3B45DB-FB3D-44AF-A161-BD2C11A7E3E8}.Debug|Any CPU.Build.0 = Debug|Any CPU
		{AA3B45DB-FB3D-44AF-A161-BD2C11A7E3E8}.Release|Any CPU.ActiveCfg = Release|Any CPU
		{AA3B45DB-FB3D-44AF-A161-BD2C11A7E3E8}.Release|Any CPU.Build.0 = Release|Any CPU
		{4C55779C-2E16-446D-B880-3331E58BA213}.Debug|Any CPU.ActiveCfg = Debug|Any CPU
		{4C55779C-2E16-446D-B880-3331E58BA213}.Debug|Any CPU.Build.0 = Debug|Any CPU
		{4C55779C-2E16-446D-B880-3331E58BA213}.Release|Any CPU.ActiveCfg = Release|Any CPU
		{4C55779C-2E16-446D-B880-3331E58BA213}.Release|Any CPU.Build.0 = Release|Any CPU
	EndGlobalSection
	GlobalSection(SolutionProperties) = preSolution
		HideSolutionNode = FALSE
	EndGlobalSection
	GlobalSection(NestedProjects) = preSolution
		{335FAED7-5192-47C8-B8CE-36090C43ACF1} = {8C1F4574-6DDD-4F4C-BAFA-F4CBB5AF7488}
		{4C55779C-2E16-446D-B880-3331E58BA213} = {8C1F4574-6DDD-4F4C-BAFA-F4CBB5AF7488}
	EndGlobalSection
	GlobalSection(ExtensibilityGlobals) = postSolution
		SolutionGuid = {791A128E-A5E9-453C-9A66-7D1240CBF202}
	EndGlobalSection
EndGlobal
